# This file is generated by running "yarn install" inside your project.
# Manual changes might be lost - proceed with caution!

__metadata:
  version: 8
  cacheKey: 10c0

"@babel/runtime@npm:^7.5.5, @babel/runtime@npm:^7.8.7":
  version: 7.25.0
  resolution: "@babel/runtime@npm:7.25.0"
  dependencies:
    regenerator-runtime: "npm:^0.14.0"
  checksum: 10c0/bd3faf246170826cef2071a94d7b47b49d532351360ecd17722d03f6713fd93a3eb3dbd9518faa778d5e8ccad7392a7a604e56bd37aaad3f3aa68d619ccd983d
  languageName: node
  linkType: hard

"@floating-ui/core@npm:^1.6.0":
  version: 1.6.7
  resolution: "@floating-ui/core@npm:1.6.7"
  dependencies:
    "@floating-ui/utils": "npm:^0.2.7"
  checksum: 10c0/5c9ae274854f87ed09a61de758377d444c2b13ade7fd1067d74287b3e66de5340ae1281e48604b631c540855a2595cfc717adf9a2331eaadc4fa6d28e8571f64
  languageName: node
  linkType: hard

"@floating-ui/dom@npm:^1.2.1":
  version: 1.6.10
  resolution: "@floating-ui/dom@npm:1.6.10"
  dependencies:
    "@floating-ui/core": "npm:^1.6.0"
    "@floating-ui/utils": "npm:^0.2.7"
  checksum: 10c0/ed7d7b400e00b2f31f1b8f11863af2cb95d0d3cd84635186ca31b41d8d9fe7fe12c85e4985617d7df7ed365abad48b327d0bae35934842007b4e1052d9780576
  languageName: node
  linkType: hard

"@floating-ui/react-dom@npm:^1.3.0":
  version: 1.3.0
  resolution: "@floating-ui/react-dom@npm:1.3.0"
  dependencies:
    "@floating-ui/dom": "npm:^1.2.1"
  peerDependencies:
    react: ">=16.8.0"
    react-dom: ">=16.8.0"
  checksum: 10c0/bd9883660d216fdecca76a0b0ecef580d1914fb3d73775920569b641c9c3be552cff1ffa88ba6e7fbd8022d81ddfdf480b1ba81fa8e01366c4117576c5e315fb
  languageName: node
  linkType: hard

"@floating-ui/react@npm:^0.19.2":
  version: 0.19.2
  resolution: "@floating-ui/react@npm:0.19.2"
  dependencies:
    "@floating-ui/react-dom": "npm:^1.3.0"
    aria-hidden: "npm:^1.1.3"
    tabbable: "npm:^6.0.1"
  peerDependencies:
    react: ">=16.8.0"
    react-dom: ">=16.8.0"
  checksum: 10c0/9a64284dea70d93313c05cb300c1887fa7957a1d6c01bd09a9c789ad74ce8f9ad3307a008615c21f86e253cff24a7a925fa75d7ab7cb24bb2fda0ff574e70aa2
  languageName: node
  linkType: hard

"@floating-ui/utils@npm:^0.2.7":
  version: 0.2.7
  resolution: "@floating-ui/utils@npm:0.2.7"
  checksum: 10c0/0559ea5df2dc82219bad26e3509e9d2b70f6987e552dc8ddf7d7f5923cfeb7c44bf884567125b1f9cdb122a4c7e6e7ddbc666740bc30b0e4091ccbca63c6fb1c
  languageName: node
  linkType: hard

"@headlessui/react@npm:^1.7.19":
  version: 1.7.19
  resolution: "@headlessui/react@npm:1.7.19"
  dependencies:
    "@tanstack/react-virtual": "npm:^3.0.0-beta.60"
    client-only: "npm:^0.0.1"
  peerDependencies:
    react: ^16 || ^17 || ^18
    react-dom: ^16 || ^17 || ^18
  checksum: 10c0/c0ece0db6ca15092439177a5322de50b60fa5fd90354ae0f999b3e56abab0065ed54fa7b4b69994ec1bdc23adc6ae9919d7dd57f97922d0b9bb6515d27e3a7e5
  languageName: node
  linkType: hard

"@headlessui/tailwindcss@npm:^0.2.1":
  version: 0.2.1
  resolution: "@headlessui/tailwindcss@npm:0.2.1"
  peerDependencies:
    tailwindcss: ^3.0
  checksum: 10c0/b5d4b840e621ea6b0978bb17e95c5ff6706274d1d49ecc7783ece28ff18b67104b427263dbf52deee74d94ed17bd912a8c9c3546a6982c9229374f26823f2877
  languageName: node
  linkType: hard

"@heroicons/react@npm:^2.1.5":
  version: 2.1.5
  resolution: "@heroicons/react@npm:2.1.5"
  peerDependencies:
    react: ">= 16"
  checksum: 10c0/d0ca2d017545da103ed8e90e9e6679d46329c1b09bb4c06ff509b0fe7cfbba7034409ea24b0469fabd2a0a9b144e8e717f58de924615e0b0a1bed7b51fcc5940
  languageName: node
  linkType: hard

"@next/env@npm:13.5.6":
  version: 13.5.6
  resolution: "@next/env@npm:13.5.6"
  checksum: 10c0/b1fefa21b698397a2f922ee53a5ecb91ff858f042b2a198652b9de49c031fc5e00d79da92ba7d84ef205e95368d5afbb0f104abaf00e9dde7985d9eae63bb4fb
  languageName: node
  linkType: hard

"@next/swc-darwin-arm64@npm:13.5.6":
  version: 13.5.6
  resolution: "@next/swc-darwin-arm64@npm:13.5.6"
  conditions: os=darwin & cpu=arm64
  languageName: node
  linkType: hard

"@next/swc-darwin-x64@npm:13.5.6":
  version: 13.5.6
  resolution: "@next/swc-darwin-x64@npm:13.5.6"
  conditions: os=darwin & cpu=x64
  languageName: node
  linkType: hard

"@next/swc-linux-arm64-gnu@npm:13.5.6":
  version: 13.5.6
  resolution: "@next/swc-linux-arm64-gnu@npm:13.5.6"
  conditions: os=linux & cpu=arm64 & libc=glibc
  languageName: node
  linkType: hard

"@next/swc-linux-arm64-musl@npm:13.5.6":
  version: 13.5.6
  resolution: "@next/swc-linux-arm64-musl@npm:13.5.6"
  conditions: os=linux & cpu=arm64 & libc=musl
  languageName: node
  linkType: hard

"@next/swc-linux-x64-gnu@npm:13.5.6":
  version: 13.5.6
  resolution: "@next/swc-linux-x64-gnu@npm:13.5.6"
  conditions: os=linux & cpu=x64 & libc=glibc
  languageName: node
  linkType: hard

"@next/swc-linux-x64-musl@npm:13.5.6":
  version: 13.5.6
  resolution: "@next/swc-linux-x64-musl@npm:13.5.6"
  conditions: os=linux & cpu=x64 & libc=musl
  languageName: node
  linkType: hard

"@next/swc-win32-arm64-msvc@npm:13.5.6":
  version: 13.5.6
  resolution: "@next/swc-win32-arm64-msvc@npm:13.5.6"
  conditions: os=win32 & cpu=arm64
  languageName: node
  linkType: hard

"@next/swc-win32-ia32-msvc@npm:13.5.6":
  version: 13.5.6
  resolution: "@next/swc-win32-ia32-msvc@npm:13.5.6"
  conditions: os=win32 & cpu=ia32
  languageName: node
  linkType: hard

"@next/swc-win32-x64-msvc@npm:13.5.6":
  version: 13.5.6
  resolution: "@next/swc-win32-x64-msvc@npm:13.5.6"
  conditions: os=win32 & cpu=x64
  languageName: node
  linkType: hard

"@swc/helpers@npm:0.5.2":
  version: 0.5.2
  resolution: "@swc/helpers@npm:0.5.2"
  dependencies:
    tslib: "npm:^2.4.0"
  checksum: 10c0/b6fa49bcf6c00571d0eb7837b163f8609960d4d77538160585e27ed167361e9776bd6e5eb9646ffac2fb4d43c58df9ca50dab9d96ab097e6591bc82a75fd1164
  languageName: node
  linkType: hard

"@tanstack/react-virtual@npm:^3.0.0-beta.60":
  version: 3.10.1
  resolution: "@tanstack/react-virtual@npm:3.10.1"
  dependencies:
    "@tanstack/virtual-core": "npm:3.10.1"
  peerDependencies:
    react: ^16.8.0 || ^17.0.0 || ^18.0.0
    react-dom: ^16.8.0 || ^17.0.0 || ^18.0.0
  checksum: 10c0/976761f6fdfc33a5924bdad6fa065113585fe979e5e45904b9b25b54acac2e5e510ff4c81fd6683e373f042fec427ee1a917115b30e1b4fd740afbf4c688fc96
  languageName: node
  linkType: hard

"@tanstack/virtual-core@npm:3.10.1":
  version: 3.10.1
  resolution: "@tanstack/virtual-core@npm:3.10.1"
  checksum: 10c0/4cb705d614d01faef502427ab1c957f36ac415c47337324dfc8c5f10a6089435ea2a9c6b630939c1a6c663defaa326103e1041127882b3290be4b789eb618487
  languageName: node
  linkType: hard

"@tremor/react@npm:^3.17.4":
  version: 3.17.4
  resolution: "@tremor/react@npm:3.17.4"
  dependencies:
    "@floating-ui/react": "npm:^0.19.2"
    "@headlessui/react": "npm:^1.7.19"
    "@headlessui/tailwindcss": "npm:^0.2.1"
    date-fns: "npm:^3.6.0"
    react-day-picker: "npm:^8.10.1"
    react-transition-state: "npm:^2.1.1"
    recharts: "npm:^2.12.7"
    tailwind-merge: "npm:^1.14.0"
  peerDependencies:
    react: ^18.0.0
    react-dom: ">=16.6.0"
  checksum: 10c0/689a17c1fdc0e8d5e30cbc38a6b9c18ac6ce208e00e8bf074fd6aab183958245d4d6879d61853596a08c98ac3df8a3c9dfac9549b774eebfa6cc086e74bca7e8
  languageName: node
  linkType: hard

"@types/d3-array@npm:^3.0.3":
  version: 3.2.1
  resolution: "@types/d3-array@npm:3.2.1"
  checksum: 10c0/38bf2c778451f4b79ec81a2288cb4312fe3d6449ecdf562970cc339b60f280f31c93a024c7ff512607795e79d3beb0cbda123bb07010167bce32927f71364bca
  languageName: node
  linkType: hard

"@types/d3-color@npm:*":
  version: 3.1.3
  resolution: "@types/d3-color@npm:3.1.3"
  checksum: 10c0/65eb0487de606eb5ad81735a9a5b3142d30bc5ea801ed9b14b77cb14c9b909f718c059f13af341264ee189acf171508053342142bdf99338667cea26a2d8d6ae
  languageName: node
  linkType: hard

"@types/d3-ease@npm:^3.0.0":
  version: 3.0.2
  resolution: "@types/d3-ease@npm:3.0.2"
  checksum: 10c0/aff5a1e572a937ee9bff6465225d7ba27d5e0c976bd9eacdac2e6f10700a7cb0c9ea2597aff6b43a6ed850a3210030870238894a77ec73e309b4a9d0333f099c
  languageName: node
  linkType: hard

"@types/d3-interpolate@npm:^3.0.1":
  version: 3.0.4
  resolution: "@types/d3-interpolate@npm:3.0.4"
  dependencies:
    "@types/d3-color": "npm:*"
  checksum: 10c0/066ebb8da570b518dd332df6b12ae3b1eaa0a7f4f0c702e3c57f812cf529cc3500ec2aac8dc094f31897790346c6b1ebd8cd7a077176727f4860c2b181a65ca4
  languageName: node
  linkType: hard

"@types/d3-path@npm:*":
  version: 3.1.0
  resolution: "@types/d3-path@npm:3.1.0"
  checksum: 10c0/85e8b3aa968a60a5b33198ade06ae7ffedcf9a22d86f24859ff58e014b053ccb7141ec163b78d547bc8215bb12bb54171c666057ab6156912814005b686afb31
  languageName: node
  linkType: hard

"@types/d3-scale@npm:^4.0.2":
  version: 4.0.8
  resolution: "@types/d3-scale@npm:4.0.8"
  dependencies:
    "@types/d3-time": "npm:*"
  checksum: 10c0/57de90e4016f640b83cb960b7e3a0ab3ed02e720898840ddc5105264ffcfea73336161442fdc91895377c2d2f91904d637282f16852b8535b77e15a761c8e99e
  languageName: node
  linkType: hard

"@types/d3-shape@npm:^3.1.0":
  version: 3.1.6
  resolution: "@types/d3-shape@npm:3.1.6"
  dependencies:
    "@types/d3-path": "npm:*"
  checksum: 10c0/0625715925d3c7ed3d44ce998b42c993f063c31605b6e4a8046c4be0fe724e2d214fc83e86d04f429a30a6e1f439053e92b0d9e59e1180c3a5327b4a6e79fa0a
  languageName: node
  linkType: hard

"@types/d3-time@npm:*, @types/d3-time@npm:^3.0.0":
  version: 3.0.3
  resolution: "@types/d3-time@npm:3.0.3"
  checksum: 10c0/245a8aadca504df27edf730de502e47a68f16ae795c86b5ca35e7afa91c133aa9ef4d08778f8cf1ed2be732f89a4105ba4b437ce2afbdfd17d3d937b6ba5f568
  languageName: node
  linkType: hard

"@types/d3-timer@npm:^3.0.0":
  version: 3.0.2
  resolution: "@types/d3-timer@npm:3.0.2"
  checksum: 10c0/c644dd9571fcc62b1aa12c03bcad40571553020feeb5811f1d8a937ac1e65b8a04b759b4873aef610e28b8714ac71c9885a4d6c127a048d95118f7e5b506d9e1
  languageName: node
  linkType: hard

"@types/node@npm:^20":
  version: 20.16.1
  resolution: "@types/node@npm:20.16.1"
  dependencies:
    undici-types: "npm:~6.19.2"
  checksum: 10c0/cac13c0f42467df3254805a671ca9e74a6eb7c41568de972e26b10dcc448a45743aaf00e9e5fce4a9214da5bc8444fe902918e105dac5a224e24e83fd9989a97
  languageName: node
  linkType: hard

"@types/prop-types@npm:*":
  version: 15.7.12
  resolution: "@types/prop-types@npm:15.7.12"
  checksum: 10c0/1babcc7db6a1177779f8fde0ccc78d64d459906e6ef69a4ed4dd6339c920c2e05b074ee5a92120fe4e9d9f1a01c952f843ebd550bee2332fc2ef81d1706878f8
  languageName: node
  linkType: hard

"@types/react-dom@npm:^18":
  version: 18.3.0
  resolution: "@types/react-dom@npm:18.3.0"
  dependencies:
    "@types/react": "npm:*"
  checksum: 10c0/6c90d2ed72c5a0e440d2c75d99287e4b5df3e7b011838cdc03ae5cd518ab52164d86990e73246b9d812eaf02ec351d74e3b4f5bd325bf341e13bf980392fd53b
  languageName: node
  linkType: hard

"@types/react@npm:*, @types/react@npm:^18":
  version: 18.3.4
  resolution: "@types/react@npm:18.3.4"
  dependencies:
    "@types/prop-types": "npm:*"
    csstype: "npm:^3.0.2"
  checksum: 10c0/5c52e1e6f540cff21e3c2a5212066d02e005f6fb21e4a536a29097fae878db9f407cd7a4b43778f51359349c5f692e08bc77ddb5f5cecbfca9ca4d4e3c91a48e
  languageName: node
  linkType: hard

"aria-hidden@npm:^1.1.3":
  version: 1.2.4
  resolution: "aria-hidden@npm:1.2.4"
  dependencies:
    tslib: "npm:^2.0.0"
  checksum: 10c0/8abcab2e1432efc4db415e97cb3959649ddf52c8fc815d7384f43f3d3abf56f1c12852575d00df9a8927f421d7e0712652dd5f8db244ea57634344e29ecfc74a
  languageName: node
  linkType: hard

"busboy@npm:1.6.0":
  version: 1.6.0
  resolution: "busboy@npm:1.6.0"
  dependencies:
    streamsearch: "npm:^1.1.0"
  checksum: 10c0/fa7e836a2b82699b6e074393428b91ae579d4f9e21f5ac468e1b459a244341d722d2d22d10920cdd849743dbece6dca11d72de939fb75a7448825cf2babfba1f
  languageName: node
  linkType: hard

"caniuse-lite@npm:^1.0.30001406":
  version: 1.0.30001651
  resolution: "caniuse-lite@npm:1.0.30001651"
  checksum: 10c0/7821278952a6dbd17358e5d08083d258f092e2a530f5bc1840657cb140fbbc5ec44293bc888258c44a18a9570cde149ed05819ac8320b9710cf22f699891e6ad
  languageName: node
  linkType: hard

"client-only@npm:0.0.1, client-only@npm:^0.0.1":
  version: 0.0.1
  resolution: "client-only@npm:0.0.1"
  checksum: 10c0/9d6cfd0c19e1c96a434605added99dff48482152af791ec4172fb912a71cff9027ff174efd8cdb2160cc7f377543e0537ffc462d4f279bc4701de3f2a3c4b358
  languageName: node
  linkType: hard

"clsx@npm:^2.0.0":
  version: 2.1.1
  resolution: "clsx@npm:2.1.1"
  checksum: 10c0/c4c8eb865f8c82baab07e71bfa8897c73454881c4f99d6bc81585aecd7c441746c1399d08363dc096c550cceaf97bd4ce1e8854e1771e9998d9f94c4fe075839
  languageName: node
  linkType: hard

"csstype@npm:^3.0.2":
  version: 3.1.3
  resolution: "csstype@npm:3.1.3"
  checksum: 10c0/80c089d6f7e0c5b2bd83cf0539ab41474198579584fa10d86d0cafe0642202343cbc119e076a0b1aece191989477081415d66c9fefbf3c957fc2fc4b7009f248
  languageName: node
  linkType: hard

"d3-array@npm:2 - 3, d3-array@npm:2.10.0 - 3, d3-array@npm:^3.1.6":
  version: 3.2.4
  resolution: "d3-array@npm:3.2.4"
  dependencies:
    internmap: "npm:1 - 2"
  checksum: 10c0/08b95e91130f98c1375db0e0af718f4371ccacef7d5d257727fe74f79a24383e79aba280b9ffae655483ffbbad4fd1dec4ade0119d88c4749f388641c8bf8c50
  languageName: node
  linkType: hard

"d3-color@npm:1 - 3":
  version: 3.1.0
  resolution: "d3-color@npm:3.1.0"
  checksum: 10c0/a4e20e1115fa696fce041fbe13fbc80dc4c19150fa72027a7c128ade980bc0eeeba4bcf28c9e21f0bce0e0dbfe7ca5869ef67746541dcfda053e4802ad19783c
  languageName: node
  linkType: hard

"d3-ease@npm:^3.0.1":
  version: 3.0.1
  resolution: "d3-ease@npm:3.0.1"
  checksum: 10c0/fec8ef826c0cc35cda3092c6841e07672868b1839fcaf556e19266a3a37e6bc7977d8298c0fcb9885e7799bfdcef7db1baaba9cd4dcf4bc5e952cf78574a88b0
  languageName: node
  linkType: hard

"d3-format@npm:1 - 3":
  version: 3.1.0
  resolution: "d3-format@npm:3.1.0"
  checksum: 10c0/049f5c0871ebce9859fc5e2f07f336b3c5bfff52a2540e0bac7e703fce567cd9346f4ad1079dd18d6f1e0eaa0599941c1810898926f10ac21a31fd0a34b4aa75
  languageName: node
  linkType: hard

"d3-interpolate@npm:1.2.0 - 3, d3-interpolate@npm:^3.0.1":
  version: 3.0.1
  resolution: "d3-interpolate@npm:3.0.1"
  dependencies:
    d3-color: "npm:1 - 3"
  checksum: 10c0/19f4b4daa8d733906671afff7767c19488f51a43d251f8b7f484d5d3cfc36c663f0a66c38fe91eee30f40327443d799be17169f55a293a3ba949e84e57a33e6a
  languageName: node
  linkType: hard

"d3-path@npm:^3.1.0":
  version: 3.1.0
  resolution: "d3-path@npm:3.1.0"
  checksum: 10c0/dc1d58ec87fa8319bd240cf7689995111a124b141428354e9637aa83059eb12e681f77187e0ada5dedfce346f7e3d1f903467ceb41b379bfd01cd8e31721f5da
  languageName: node
  linkType: hard

"d3-scale@npm:^4.0.2":
  version: 4.0.2
  resolution: "d3-scale@npm:4.0.2"
  dependencies:
    d3-array: "npm:2.10.0 - 3"
    d3-format: "npm:1 - 3"
    d3-interpolate: "npm:1.2.0 - 3"
    d3-time: "npm:2.1.1 - 3"
    d3-time-format: "npm:2 - 4"
  checksum: 10c0/65d9ad8c2641aec30ed5673a7410feb187a224d6ca8d1a520d68a7d6eac9d04caedbff4713d1e8545be33eb7fec5739983a7ab1d22d4e5ad35368c6729d362f1
  languageName: node
  linkType: hard

"d3-shape@npm:^3.1.0":
  version: 3.2.0
  resolution: "d3-shape@npm:3.2.0"
  dependencies:
    d3-path: "npm:^3.1.0"
  checksum: 10c0/f1c9d1f09926daaf6f6193ae3b4c4b5521e81da7d8902d24b38694517c7f527ce3c9a77a9d3a5722ad1e3ff355860b014557b450023d66a944eabf8cfde37132
  languageName: node
  linkType: hard

"d3-time-format@npm:2 - 4":
  version: 4.1.0
  resolution: "d3-time-format@npm:4.1.0"
  dependencies:
    d3-time: "npm:1 - 3"
  checksum: 10c0/735e00fb25a7fd5d418fac350018713ae394eefddb0d745fab12bbff0517f9cdb5f807c7bbe87bb6eeb06249662f8ea84fec075f7d0cd68609735b2ceb29d206
  languageName: node
  linkType: hard

"d3-time@npm:1 - 3, d3-time@npm:2.1.1 - 3, d3-time@npm:^3.0.0":
  version: 3.1.0
  resolution: "d3-time@npm:3.1.0"
  dependencies:
    d3-array: "npm:2 - 3"
  checksum: 10c0/a984f77e1aaeaa182679b46fbf57eceb6ebdb5f67d7578d6f68ef933f8eeb63737c0949991618a8d29472dbf43736c7d7f17c452b2770f8c1271191cba724ca1
  languageName: node
  linkType: hard

"d3-timer@npm:^3.0.1":
  version: 3.0.1
  resolution: "d3-timer@npm:3.0.1"
  checksum: 10c0/d4c63cb4bb5461d7038aac561b097cd1c5673969b27cbdd0e87fa48d9300a538b9e6f39b4a7f0e3592ef4f963d858c8a9f0e92754db73116770856f2fc04561a
  languageName: node
  linkType: hard

"date-fns@npm:^3.6.0":
  version: 3.6.0
  resolution: "date-fns@npm:3.6.0"
  checksum: 10c0/0b5fb981590ef2f8e5a3ba6cd6d77faece0ea7f7158948f2eaae7bbb7c80a8f63ae30b01236c2923cf89bb3719c33aeb150c715ea4fe4e86e37dcf06bed42fb6
  languageName: node
  linkType: hard

"decimal.js-light@npm:^2.4.1":
  version: 2.5.1
  resolution: "decimal.js-light@npm:2.5.1"
  checksum: 10c0/4fd33f535aac9e5bd832796831b65d9ec7914ad129c7437b3ab991b0c2eaaa5a57e654e6174c4a17f1b3895ea366f0c1ab4955cdcdf7cfdcf3ad5a58b456c020
  languageName: node
  linkType: hard

"dom-helpers@npm:^5.0.1":
  version: 5.2.1
  resolution: "dom-helpers@npm:5.2.1"
  dependencies:
    "@babel/runtime": "npm:^7.8.7"
    csstype: "npm:^3.0.2"
  checksum: 10c0/f735074d66dd759b36b158fa26e9d00c9388ee0e8c9b16af941c38f014a37fc80782de83afefd621681b19ac0501034b4f1c4a3bff5caa1b8667f0212b5e124c
  languageName: node
  linkType: hard

"eventemitter3@npm:^4.0.1":
  version: 4.0.7
  resolution: "eventemitter3@npm:4.0.7"
  checksum: 10c0/5f6d97cbcbac47be798e6355e3a7639a84ee1f7d9b199a07017f1d2f1e2fe236004d14fa5dfaeba661f94ea57805385e326236a6debbc7145c8877fbc0297c6b
  languageName: node
  linkType: hard

"fast-equals@npm:^5.0.1":
  version: 5.0.1
  resolution: "fast-equals@npm:5.0.1"
  checksum: 10c0/d7077b8b681036c2840ed9860a3048e44fc268fad2b525b8f25b43458be0c8ad976152eb4b475de9617170423c5b802121ebb61ed6641c3ac035fadaf805c8c0
  languageName: node
  linkType: hard

"glob-to-regexp@npm:^0.4.1":
  version: 0.4.1
  resolution: "glob-to-regexp@npm:0.4.1"
  checksum: 10c0/0486925072d7a916f052842772b61c3e86247f0a80cc0deb9b5a3e8a1a9faad5b04fb6f58986a09f34d3e96cd2a22a24b7e9882fb1cf904c31e9a310de96c429
  languageName: node
  linkType: hard

"graceful-fs@npm:^4.1.2":
  version: 4.2.11
  resolution: "graceful-fs@npm:4.2.11"
  checksum: 10c0/386d011a553e02bc594ac2ca0bd6d9e4c22d7fa8cfbfc448a6d148c59ea881b092db9dbe3547ae4b88e55f1b01f7c4a2ecc53b310c042793e63aa44cf6c257f2
  languageName: node
  linkType: hard

"internmap@npm:1 - 2":
  version: 2.0.3
  resolution: "internmap@npm:2.0.3"
  checksum: 10c0/8cedd57f07bbc22501516fbfc70447f0c6812871d471096fad9ea603516eacc2137b633633daf432c029712df0baefd793686388ddf5737e3ea15074b877f7ed
  languageName: node
  linkType: hard

"js-tokens@npm:^3.0.0 || ^4.0.0":
  version: 4.0.0
  resolution: "js-tokens@npm:4.0.0"
  checksum: 10c0/e248708d377aa058eacf2037b07ded847790e6de892bbad3dac0abba2e759cb9f121b00099a65195616badcb6eca8d14d975cb3e89eb1cfda644756402c8aeed
  languageName: node
  linkType: hard

"lodash@npm:^4.17.21":
  version: 4.17.21
  resolution: "lodash@npm:4.17.21"
  checksum: 10c0/d8cbea072bb08655bb4c989da418994b073a608dffa608b09ac04b43a791b12aeae7cd7ad919aa4c925f33b48490b5cfe6c1f71d827956071dae2e7bb3a6b74c
  languageName: node
  linkType: hard

"loose-envify@npm:^1.1.0, loose-envify@npm:^1.4.0":
  version: 1.4.0
  resolution: "loose-envify@npm:1.4.0"
  dependencies:
    js-tokens: "npm:^3.0.0 || ^4.0.0"
  bin:
    loose-envify: cli.js
  checksum: 10c0/655d110220983c1a4b9c0c679a2e8016d4b67f6e9c7b5435ff5979ecdb20d0813f4dec0a08674fcbdd4846a3f07edbb50a36811fd37930b94aaa0d9daceb017e
  languageName: node
  linkType: hard

"nanoid@npm:^3.3.6":
  version: 3.3.7
  resolution: "nanoid@npm:3.3.7"
  bin:
    nanoid: bin/nanoid.cjs
  checksum: 10c0/e3fb661aa083454f40500473bb69eedb85dc160e763150b9a2c567c7e9ff560ce028a9f833123b618a6ea742e311138b591910e795614a629029e86e180660f3
  languageName: node
  linkType: hard

"next@npm:13.5.6":
  version: 13.5.6
  resolution: "next@npm:13.5.6"
  dependencies:
    "@next/env": "npm:13.5.6"
    "@next/swc-darwin-arm64": "npm:13.5.6"
    "@next/swc-darwin-x64": "npm:13.5.6"
    "@next/swc-linux-arm64-gnu": "npm:13.5.6"
    "@next/swc-linux-arm64-musl": "npm:13.5.6"
    "@next/swc-linux-x64-gnu": "npm:13.5.6"
    "@next/swc-linux-x64-musl": "npm:13.5.6"
    "@next/swc-win32-arm64-msvc": "npm:13.5.6"
    "@next/swc-win32-ia32-msvc": "npm:13.5.6"
    "@next/swc-win32-x64-msvc": "npm:13.5.6"
    "@swc/helpers": "npm:0.5.2"
    busboy: "npm:1.6.0"
    caniuse-lite: "npm:^1.0.30001406"
    postcss: "npm:8.4.31"
    styled-jsx: "npm:5.1.1"
    watchpack: "npm:2.4.0"
  peerDependencies:
    "@opentelemetry/api": ^1.1.0
    react: ^18.2.0
    react-dom: ^18.2.0
    sass: ^1.3.0
  dependenciesMeta:
    "@next/swc-darwin-arm64":
      optional: true
    "@next/swc-darwin-x64":
      optional: true
    "@next/swc-linux-arm64-gnu":
      optional: true
    "@next/swc-linux-arm64-musl":
      optional: true
    "@next/swc-linux-x64-gnu":
      optional: true
    "@next/swc-linux-x64-musl":
      optional: true
    "@next/swc-win32-arm64-msvc":
      optional: true
    "@next/swc-win32-ia32-msvc":
      optional: true
    "@next/swc-win32-x64-msvc":
      optional: true
  peerDependenciesMeta:
    "@opentelemetry/api":
      optional: true
    sass:
      optional: true
  bin:
    next: dist/bin/next
  checksum: 10c0/ef141d7708a432aff8bf080d285c466a83b0c1d008d1c66bbd49652a598f9ac15ef2e69a045f21ba44a5543b595cb945468b5f33e25deae2cc48b4d32be5bcec
  languageName: node
  linkType: hard

"object-assign@npm:^4.1.1":
  version: 4.1.1
  resolution: "object-assign@npm:4.1.1"
  checksum: 10c0/1f4df9945120325d041ccf7b86f31e8bcc14e73d29171e37a7903050e96b81323784ec59f93f102ec635bcf6fa8034ba3ea0a8c7e69fa202b87ae3b6cec5a414
  languageName: node
  linkType: hard

"picocolors@npm:^1.0.0":
  version: 1.0.1
  resolution: "picocolors@npm:1.0.1"
  checksum: 10c0/c63cdad2bf812ef0d66c8db29583802355d4ca67b9285d846f390cc15c2f6ccb94e8cb7eb6a6e97fc5990a6d3ad4ae42d86c84d3146e667c739a4234ed50d400
  languageName: node
  linkType: hard

"postcss@npm:8.4.31":
  version: 8.4.31
  resolution: "postcss@npm:8.4.31"
  dependencies:
    nanoid: "npm:^3.3.6"
    picocolors: "npm:^1.0.0"
    source-map-js: "npm:^1.0.2"
  checksum: 10c0/748b82e6e5fc34034dcf2ae88ea3d11fd09f69b6c50ecdd3b4a875cfc7cdca435c958b211e2cb52355422ab6fccb7d8f2f2923161d7a1b281029e4a913d59acf
  languageName: node
  linkType: hard

"prop-types@npm:^15.6.2, prop-types@npm:^15.8.1":
  version: 15.8.1
  resolution: "prop-types@npm:15.8.1"
  dependencies:
    loose-envify: "npm:^1.4.0"
    object-assign: "npm:^4.1.1"
    react-is: "npm:^16.13.1"
  checksum: 10c0/59ece7ca2fb9838031d73a48d4becb9a7cc1ed10e610517c7d8f19a1e02fa47f7c27d557d8a5702bec3cfeccddc853579832b43f449e54635803f277b1c78077
  languageName: node
  linkType: hard

"react-day-picker@npm:^8.10.1":
  version: 8.10.1
  resolution: "react-day-picker@npm:8.10.1"
  peerDependencies:
    date-fns: ^2.28.0 || ^3.0.0
    react: ^16.8.0 || ^17.0.0 || ^18.0.0
  checksum: 10c0/a0ff28c4b61b3882e6a825b19e5679e2fdf3256cf1be8eb0a0c028949815c1ae5a6561474c2c19d231c010c8e0e0b654d3a322610881e0655abca05a2e03d9df
  languageName: node
  linkType: hard

"react-dom@npm:^18":
  version: 18.3.1
  resolution: "react-dom@npm:18.3.1"
  dependencies:
    loose-envify: "npm:^1.1.0"
    scheduler: "npm:^0.23.2"
  peerDependencies:
    react: ^18.3.1
  checksum: 10c0/a752496c1941f958f2e8ac56239172296fcddce1365ce45222d04a1947e0cc5547df3e8447f855a81d6d39f008d7c32eab43db3712077f09e3f67c4874973e85
  languageName: node
  linkType: hard

"react-is@npm:^16.10.2, react-is@npm:^16.13.1":
  version: 16.13.1
  resolution: "react-is@npm:16.13.1"
  checksum: 10c0/33977da7a5f1a287936a0c85639fec6ca74f4f15ef1e59a6bc20338fc73dc69555381e211f7a3529b8150a1f71e4225525b41b60b52965bda53ce7d47377ada1
  languageName: node
  linkType: hard

"react-smooth@npm:^4.0.0":
  version: 4.0.1
  resolution: "react-smooth@npm:4.0.1"
  dependencies:
    fast-equals: "npm:^5.0.1"
    prop-types: "npm:^15.8.1"
    react-transition-group: "npm:^4.4.5"
  peerDependencies:
    react: ^16.8.0 || ^17.0.0 || ^18.0.0
    react-dom: ^16.8.0 || ^17.0.0 || ^18.0.0
  checksum: 10c0/5c19a2c147798c3de1329d442b1a371139c01113cc108c38c201b63502c329f943ede505c44089d26a6563eaa72a67b845d538d956f34a389b37fd3961308834
  languageName: node
  linkType: hard

"react-transition-group@npm:^4.4.5":
  version: 4.4.5
  resolution: "react-transition-group@npm:4.4.5"
  dependencies:
    "@babel/runtime": "npm:^7.5.5"
    dom-helpers: "npm:^5.0.1"
    loose-envify: "npm:^1.4.0"
    prop-types: "npm:^15.6.2"
  peerDependencies:
    react: ">=16.6.0"
    react-dom: ">=16.6.0"
  checksum: 10c0/2ba754ba748faefa15f87c96dfa700d5525054a0141de8c75763aae6734af0740e77e11261a1e8f4ffc08fd9ab78510122e05c21c2d79066c38bb6861a886c82
  languageName: node
  linkType: hard

"react-transition-state@npm:^2.1.1":
  version: 2.1.1
  resolution: "react-transition-state@npm:2.1.1"
  peerDependencies:
    react: ">=16.8.0"
    react-dom: ">=16.8.0"
  checksum: 10c0/bc58b314ec05c105920a6ee2bb3441b544ccb668087ac23b63c1b2cbd6bd9dc1e0e19f5f2d44738c7d2b6763cc515925f75cc1e90c4851559c2be55ca6f2862d
  languageName: node
  linkType: hard

"react@npm:^18":
  version: 18.3.1
  resolution: "react@npm:18.3.1"
  dependencies:
    loose-envify: "npm:^1.1.0"
  checksum: 10c0/283e8c5efcf37802c9d1ce767f302dd569dd97a70d9bb8c7be79a789b9902451e0d16334b05d73299b20f048cbc3c7d288bbbde10b701fa194e2089c237dbea3
  languageName: node
  linkType: hard

"recharts-scale@npm:^0.4.4":
  version: 0.4.5
  resolution: "recharts-scale@npm:0.4.5"
  dependencies:
    decimal.js-light: "npm:^2.4.1"
  checksum: 10c0/64ce1fc4ebe62001787bf4dc4cbb779452d33831619309c71c50277c58e8968ffe98941562d9d0d5ffdb02588ebd62f4fe6548fa826110fd458db9c3cc6dadc1
  languageName: node
  linkType: hard

"recharts@npm:^2.12.7":
  version: 2.12.7
  resolution: "recharts@npm:2.12.7"
  dependencies:
    clsx: "npm:^2.0.0"
    eventemitter3: "npm:^4.0.1"
    lodash: "npm:^4.17.21"
    react-is: "npm:^16.10.2"
    react-smooth: "npm:^4.0.0"
    recharts-scale: "npm:^0.4.4"
    tiny-invariant: "npm:^1.3.1"
    victory-vendor: "npm:^36.6.8"
  peerDependencies:
    react: ^16.0.0 || ^17.0.0 || ^18.0.0
    react-dom: ^16.0.0 || ^17.0.0 || ^18.0.0
  checksum: 10c0/2522d841a1f4e4c0a37046ddb61fa958ac37a66df63dcd4c6cb9113e3f7a71892d74e44494a55bc40faa0afd74d9cf58fec3d2ce53a8ddf997e75367bdd033fc
  languageName: node
  linkType: hard

"regenerator-runtime@npm:^0.14.0":
  version: 0.14.1
  resolution: "regenerator-runtime@npm:0.14.1"
  checksum: 10c0/1b16eb2c4bceb1665c89de70dcb64126a22bc8eb958feef3cd68fe11ac6d2a4899b5cd1b80b0774c7c03591dc57d16631a7f69d2daa2ec98100e2f29f7ec4cc4
  languageName: node
  linkType: hard

"scheduler@npm:^0.23.2":
  version: 0.23.2
  resolution: "scheduler@npm:0.23.2"
  dependencies:
    loose-envify: "npm:^1.1.0"
  checksum: 10c0/26383305e249651d4c58e6705d5f8425f153211aef95f15161c151f7b8de885f24751b377e4a0b3dd42cce09aad3f87a61dab7636859c0d89b7daf1a1e2a5c78
  languageName: node
  linkType: hard

"shopping-google@workspace:.":
  version: 0.0.0-use.local
  resolution: "shopping-google@workspace:."
  dependencies:
    "@heroicons/react": "npm:^2.1.5"
    "@tremor/react": "npm:^3.17.4"
    "@types/node": "npm:^20"
    "@types/react": "npm:^18"
    "@types/react-dom": "npm:^18"
    next: "npm:13.5.6"
    react: "npm:^18"
    react-dom: "npm:^18"
    typescript: "npm:^5"
  languageName: unknown
  linkType: soft

"source-map-js@npm:^1.0.2":
  version: 1.2.0
  resolution: "source-map-js@npm:1.2.0"
  checksum: 10c0/7e5f896ac10a3a50fe2898e5009c58ff0dc102dcb056ed27a354623a0ece8954d4b2649e1a1b2b52ef2e161d26f8859c7710350930751640e71e374fe2d321a4
  languageName: node
  linkType: hard

"streamsearch@npm:^1.1.0":
  version: 1.1.0
  resolution: "streamsearch@npm:1.1.0"
  checksum: 10c0/fbd9aecc2621364384d157f7e59426f4bfd385e8b424b5aaa79c83a6f5a1c8fd2e4e3289e95de1eb3511cb96bb333d6281a9919fafce760e4edb35b2cd2facab
  languageName: node
  linkType: hard

"styled-jsx@npm:5.1.1":
  version: 5.1.1
  resolution: "styled-jsx@npm:5.1.1"
  dependencies:
    client-only: "npm:0.0.1"
  peerDependencies:
    react: ">= 16.8.0 || 17.x.x || ^18.0.0-0"
  peerDependenciesMeta:
    "@babel/core":
      optional: true
    babel-plugin-macros:
      optional: true
  checksum: 10c0/42655cdadfa5388f8a48bb282d6b450df7d7b8cf066ac37038bd0499d3c9f084815ebd9ff9dfa12a218fd4441338851db79603498d7557207009c1cf4d609835
  languageName: node
  linkType: hard

"tabbable@npm:^6.0.1":
  version: 6.2.0
  resolution: "tabbable@npm:6.2.0"
  checksum: 10c0/ced8b38f05f2de62cd46836d77c2646c42b8c9713f5bd265daf0e78ff5ac73d3ba48a7ca45f348bafeef29b23da7187c72250742d37627883ef89cbd7fa76898
  languageName: node
  linkType: hard

"tailwind-merge@npm:^1.14.0":
  version: 1.14.0
  resolution: "tailwind-merge@npm:1.14.0"
  checksum: 10c0/a66f5ab1a2bb2b0f5a40a031867a6bc900de98eb3339b2a51759351221527a3d600eecb6cb5a038830aa89548eba72bb63aa3856cb9f31c9a3918b42eb3df350
  languageName: node
  linkType: hard

"tiny-invariant@npm:^1.3.1":
  version: 1.3.3
  resolution: "tiny-invariant@npm:1.3.3"
  checksum: 10c0/65af4a07324b591a059b35269cd696aba21bef2107f29b9f5894d83cc143159a204b299553435b03874ebb5b94d019afa8b8eff241c8a4cfee95872c2e1c1c4a
  languageName: node
  linkType: hard

"tslib@npm:^2.0.0, tslib@npm:^2.4.0":
  version: 2.6.3
  resolution: "tslib@npm:2.6.3"
  checksum: 10c0/2598aef53d9dbe711af75522464b2104724d6467b26a60f2bdac8297d2b5f1f6b86a71f61717384aa8fd897240467aaa7bcc36a0700a0faf751293d1331db39a
  languageName: node
  linkType: hard

"typescript@npm:^5":
  version: 5.5.4
  resolution: "typescript@npm:5.5.4"
  bin:
    tsc: bin/tsc
    tsserver: bin/tsserver
  checksum: 10c0/422be60f89e661eab29ac488c974b6cc0a660fb2228003b297c3d10c32c90f3bcffc1009b43876a082515a3c376b1eefcce823d6e78982e6878408b9a923199c
  languageName: node
  linkType: hard

"typescript@patch:typescript@npm%3A^5#optional!builtin<compat/typescript>":
  version: 5.5.4
  resolution: "typescript@patch:typescript@npm%3A5.5.4#optional!builtin<compat/typescript>::version=5.5.4&hash=379a07"
  bin:
    tsc: bin/tsc
    tsserver: bin/tsserver
  checksum: 10c0/73409d7b9196a5a1217b3aaad929bf76294d3ce7d6e9766dd880ece296ee91cf7d7db6b16c6c6c630ee5096eccde726c0ef17c7dfa52b01a243e57ae1f09ef07
  languageName: node
  linkType: hard

"undici-types@npm:~6.19.2":
  version: 6.19.8
  resolution: "undici-types@npm:6.19.8"
  checksum: 10c0/078afa5990fba110f6824823ace86073b4638f1d5112ee26e790155f481f2a868cc3e0615505b6f4282bdf74a3d8caad715fd809e870c2bb0704e3ea6082f344
  languageName: node
  linkType: hard

"victory-vendor@npm:^36.6.8":
  version: 36.9.2
  resolution: "victory-vendor@npm:36.9.2"
  dependencies:
    "@types/d3-array": "npm:^3.0.3"
    "@types/d3-ease": "npm:^3.0.0"
    "@types/d3-interpolate": "npm:^3.0.1"
    "@types/d3-scale": "npm:^4.0.2"
    "@types/d3-shape": "npm:^3.1.0"
    "@types/d3-time": "npm:^3.0.0"
    "@types/d3-timer": "npm:^3.0.0"
    d3-array: "npm:^3.1.6"
    d3-ease: "npm:^3.0.1"
    d3-interpolate: "npm:^3.0.1"
    d3-scale: "npm:^4.0.2"
    d3-shape: "npm:^3.1.0"
    d3-time: "npm:^3.0.0"
    d3-timer: "npm:^3.0.1"
  checksum: 10c0/bad36de3bf4d406834743c2e99a8281d786af324d7e84b7f7a2fc02c27a3779034fb0c3c4707d4c8e68683334d924a67100cfa13985235565e83b9877f8e2ffd
  languageName: node
  linkType: hard

"watchpack@npm:2.4.0":
  version: 2.4.0
  resolution: "watchpack@npm:2.4.0"
  dependencies:
    glob-to-regexp: "npm:^0.4.1"
    graceful-fs: "npm:^4.1.2"
  checksum: 10c0/c5e35f9fb9338d31d2141d9835643c0f49b5f9c521440bb648181059e5940d93dd8ed856aa8a33fbcdd4e121dad63c7e8c15c063cf485429cd9d427be197fe62
  languageName: node
  linkType: hard
